
Microsoft Visual Studio Solution File, Format Version 12.00
# Visual Studio 14
VisualStudioVersion = 14.0.23107.0
MinimumVisualStudioVersion = 10.0.40219.1
Project("{2150E333-8FDC-42A3-9474-1A3956D46DE8}") = "Data", "Data", "{5C3FEDBE-7D93-445D-9894-860AA0259633}"
EndProject
Project("{2150E333-8FDC-42A3-9474-1A3956D46DE8}") = "Web", "Web", "{856E29CE-22D0-470C-B094-1A57E3E5DFF9}"
EndProject
Project("{2150E333-8FDC-42A3-9474-1A3956D46DE8}") = "Common", "Common", "{7D7839FA-DB69-4537-BB8D-30055CBCFD7D}"
EndProject
Project("{FAE04EC0-301F-11D3-BF4B-00C04F79EFBC}") = "NewsSystem.Data", "NewsSystem.Data\NewsSystem.Data.csproj", "{2CD9FCCC-12D1-4817-9577-29192E808EC7}"
EndProject
Project("{FAE04EC0-301F-11D3-BF4B-00C04F79EFBC}") = "NewsSystem.Data.Models", "NewsSystem.Data.Models\NewsSystem.Data.Models.csproj", "{BC2A4B51-133A-4CC5-A24D-0537F2EA2E9D}"
EndProject
Project("{FAE04EC0-301F-11D3-BF4B-00C04F79EFBC}") = "NewsSystem.Data.Common", "NewsSystem.Data.Common\NewsSystem.Data.Common.csproj", "{9ABBD79A-ADFC-4AF8-A153-97EDB74AA35C}"
EndProject
Project("{FAE04EC0-301F-11D3-BF4B-00C04F79EFBC}") = "NewsSystem.Data.Services", "NewsSystem.Data.Services\NewsSystem.Data.Services.csproj", "{03AD1FEC-BA25-40E9-9B6D-5AFC8D311C25}"
EndProject
Project("{FAE04EC0-301F-11D3-BF4B-00C04F79EFBC}") = "NewsSystem.Web", "NewsSystem.Web\NewsSystem.Web.csproj", "{D03CFFDC-453D-42EF-B3CF-E1110F1127EE}"
EndProject
Project("{FAE04EC0-301F-11D3-BF4B-00C04F79EFBC}") = "NewsSystem.Web.Tests", "NewsSystem.Web.Tests\NewsSystem.Web.Tests.csproj", "{C7213363-39FB-40E1-A245-B1A68E770593}"
EndProject
Project("{2150E333-8FDC-42A3-9474-1A3956D46DE8}") = "Tests", "Tests", "{77CDA799-7577-4296-A7AF-A51F648A4F35}"
EndProject
Project("{FAE04EC0-301F-11D3-BF4B-00C04F79EFBC}") = "NewsSystem.Data.Infrastructure", "NewsSystem.Data.Infrastructure\NewsSystem.Data.Infrastructure.csproj", "{84375B65-92B4-4160-8670-36E63A34E747}"
EndProject
Project("{FAE04EC0-301F-11D3-BF4B-00C04F79EFBC}") = "NewsSystem.Data.ViewModels", "NewsSystem.Data.ViewModels\NewsSystem.Data.ViewModels.csproj", "{3F588BA3-4CA9-4A14-AD52-33BD197FF7DF}"
EndProject
Project("{FAE04EC0-301F-11D3-BF4B-00C04F79EFBC}") = "NewsSystem.Common", "NewsSystem.Common\NewsSystem.Common.csproj", "{00952C83-EA20-4217-B794-A60B7BA7CC19}"
EndProject
Global
	GlobalSection(SolutionConfigurationPlatforms) = preSolution
		Debug|Any CPU = Debug|Any CPU
		Release|Any CPU = Release|Any CPU
	EndGlobalSection
	GlobalSection(ProjectConfigurationPlatforms) = postSolution
		{2CD9FCCC-12D1-4817-9577-29192E808EC7}.Debug|Any CPU.ActiveCfg = Debug|Any CPU
		{2CD9FCCC-12D1-4817-9577-29192E808EC7}.Debug|Any CPU.Build.0 = Debug|Any CPU
		{2CD9FCCC-12D1-4817-9577-29192E808EC7}.Release|Any CPU.ActiveCfg = Release|Any CPU
		{2CD9FCCC-12D1-4817-9577-29192E808EC7}.Release|Any CPU.Build.0 = Release|Any CPU
		{BC2A4B51-133A-4CC5-A24D-0537F2EA2E9D}.Debug|Any CPU.ActiveCfg = Debug|Any CPU
		{BC2A4B51-133A-4CC5-A24D-0537F2EA2E9D}.Debug|Any CPU.Build.0 = Debug|Any CPU
		{BC2A4B51-133A-4CC5-A24D-0537F2EA2E9D}.Release|Any CPU.ActiveCfg = Release|Any CPU
		{BC2A4B51-133A-4CC5-A24D-0537F2EA2E9D}.Release|Any CPU.Build.0 = Release|Any CPU
		{9ABBD79A-ADFC-4AF8-A153-97EDB74AA35C}.Debug|Any CPU.ActiveCfg = Debug|Any CPU
		{9ABBD79A-ADFC-4AF8-A153-97EDB74AA35C}.Debug|Any CPU.Build.0 = Debug|Any CPU
		{9ABBD79A-ADFC-4AF8-A153-97EDB74AA35C}.Release|Any CPU.ActiveCfg = Release|Any CPU
		{9ABBD79A-ADFC-4AF8-A153-97EDB74AA35C}.Release|Any CPU.Build.0 = Release|Any CPU
		{03AD1FEC-BA25-40E9-9B6D-5AFC8D311C25}.Debug|Any CPU.ActiveCfg = Debug|Any CPU
		{03AD1FEC-BA25-40E9-9B6D-5AFC8D311C25}.Debug|Any CPU.Build.0 = Debug|Any CPU
		{03AD1FEC-BA25-40E9-9B6D-5AFC8D311C25}.Release|Any CPU.ActiveCfg = Release|Any CPU
		{03AD1FEC-BA25-40E9-9B6D-5AFC8D311C25}.Release|Any CPU.Build.0 = Release|Any CPU
		{D03CFFDC-453D-42EF-B3CF-E1110F1127EE}.Debug|Any CPU.ActiveCfg = Debug|Any CPU
		{D03CFFDC-453D-42EF-B3CF-E1110F1127EE}.Debug|Any CPU.Build.0 = Debug|Any CPU
		{D03CFFDC-453D-42EF-B3CF-E1110F1127EE}.Release|Any CPU.ActiveCfg = Release|Any CPU
		{D03CFFDC-453D-42EF-B3CF-E1110F1127EE}.Release|Any CPU.Build.0 = Release|Any CPU
		{C7213363-39FB-40E1-A245-B1A68E770593}.Debug|Any CPU.ActiveCfg = Debug|Any CPU
		{C7213363-39FB-40E1-A245-B1A68E770593}.Debug|Any CPU.Build.0 = Debug|Any CPU
		{C7213363-39FB-40E1-A245-B1A68E770593}.Release|Any CPU.ActiveCfg = Release|Any CPU
		{C7213363-39FB-40E1-A245-B1A68E770593}.Release|Any CPU.Build.0 = Release|Any CPU
		{84375B65-92B4-4160-8670-36E63A34E747}.Debug|Any CPU.ActiveCfg = Debug|Any CPU
		{84375B65-92B4-4160-8670-36E63A34E747}.Debug|Any CPU.Build.0 = Debug|Any CPU
		{84375B65-92B4-4160-8670-36E63A34E747}.Release|Any CPU.ActiveCfg = Release|Any CPU
		{84375B65-92B4-4160-8670-36E63A34E747}.Release|Any CPU.Build.0 = Release|Any CPU
		{3F588BA3-4CA9-4A14-AD52-33BD197FF7DF}.Debug|Any CPU.ActiveCfg = Debug|Any CPU
		{3F588BA3-4CA9-4A14-AD52-33BD197FF7DF}.Debug|Any CPU.Build.0 = Debug|Any CPU
		{3F588BA3-4CA9-4A14-AD52-33BD197FF7DF}.Release|Any CPU.ActiveCfg = Release|Any CPU
		{3F588BA3-4CA9-4A14-AD52-33BD197FF7DF}.Release|Any CPU.Build.0 = Release|Any CPU
		{00952C83-EA20-4217-B794-A60B7BA7CC19}.Debug|Any CPU.ActiveCfg = Debug|Any CPU
		{00952C83-EA20-4217-B794-A60B7BA7CC19}.Debug|Any CPU.Build.0 = Debug|Any CPU
		{00952C83-EA20-4217-B794-A60B7BA7CC19}.Release|Any CPU.ActiveCfg = Release|Any CPU
		{00952C83-EA20-4217-B794-A60B7BA7CC19}.Release|Any CPU.Build.0 = Release|Any CPU
	EndGlobalSection
	GlobalSection(SolutionProperties) = preSolution
		HideSolutionNode = FALSE
	EndGlobalSection
	GlobalSection(NestedProjects) = preSolution
		{2CD9FCCC-12D1-4817-9577-29192E808EC7} = {5C3FEDBE-7D93-445D-9894-860AA0259633}
		{BC2A4B51-133A-4CC5-A24D-0537F2EA2E9D} = {5C3FEDBE-7D93-445D-9894-860AA0259633}
		{9ABBD79A-ADFC-4AF8-A153-97EDB74AA35C} = {5C3FEDBE-7D93-445D-9894-860AA0259633}
		{03AD1FEC-BA25-40E9-9B6D-5AFC8D311C25} = {5C3FEDBE-7D93-445D-9894-860AA0259633}
		{D03CFFDC-453D-42EF-B3CF-E1110F1127EE} = {856E29CE-22D0-470C-B094-1A57E3E5DFF9}
		{C7213363-39FB-40E1-A245-B1A68E770593} = {77CDA799-7577-4296-A7AF-A51F648A4F35}
		{84375B65-92B4-4160-8670-36E63A34E747} = {5C3FEDBE-7D93-445D-9894-860AA0259633}
		{3F588BA3-4CA9-4A14-AD52-33BD197FF7DF} = {5C3FEDBE-7D93-445D-9894-860AA0259633}
		{00952C83-EA20-4217-B794-A60B7BA7CC19} = {7D7839FA-DB69-4537-BB8D-30055CBCFD7D}
	EndGlobalSection
EndGlobal
